// !$*UTF8*$!
{
	archiveVersion = 1;
	classes = {
	};
	objectVersion = 46;
	objects = {

/* Begin PBXBuildFile section */
		DDA040051C3D956400BF3BA2 /* main.swift in Sources */ = {isa = PBXBuildFile; fileRef = DDA040041C3D956400BF3BA2 /* main.swift */; };
/* End PBXBuildFile section */

/* Begin PBXCopyFilesBuildPhase section */
		DDA03FFF1C3D956400BF3BA2 /* CopyFiles */ = {
			isa = PBXCopyFilesBuildPhase;
			buildActionMask = 2147483647;
			dstPath = /usr/share/man/man1/;
			dstSubfolderSpec = 0;
			files = (
			);
			runOnlyForDeploymentPostprocessing = 1;
		};
/* End PBXCopyFilesBuildPhase section */

/* Begin PBXFileReference section */
		DDA040011C3D956400BF3BA2 /* Mad Lib Mania */ = {isa = PBXFileReference; explicitFileType = "compiled.mach-o.executable"; includeInIndex = 0; path = "Mad Lib Mania"; sourceTree = BUILT_PRODUCTS_DIR; };
		DDA040041C3D956400BF3BA2 /* main.swift */ = {isa = PBXFileReference; lastKnownFileType = sourcecode.swift; path = main.swift; sourceTree = "<group>"; };
/* End PBXFileReference section */

/* Begin PBXFrameworksBuildPhase section */
		DDA03FFE1C3D956400BF3BA2 /* Frameworks */ = {
			isa = PBXFrameworksBuildPhase;
			buildActionMask = 2147483647;
			files = (
			);
			runOnlyForDeploymentPostprocessing = 0;
		};
/* End PBXFrameworksBuildPhase section */

/* Begin PBXGroup section */
		DDA03FF81C3D956400BF3BA2 = {
			isa = PBXGroup;
			children = (
				DDA040031C3D956400BF3BA2 /* Mad Lib Mania */,
				DDA040021C3D956400BF3BA2 /* Products */,
			);
			sourceTree = "<group>";
		};
		DDA040021C3D956400BF3BA2 /* Products */ = {
			isa = PBXGroup;
			children = (
				DDA040011C3D956400BF3BA2 /* Mad Lib Mania */,
			);
			name = Products;
			sourceTree = "<group>";
		};
		DDA040031C3D956400BF3BA2 /* Mad Lib Mania */ = {
			isa = PBXGroup;
			children = (
				DDA040041C3D956400BF3BA2 /* main.swift */,
			);
			path = "Mad Lib Mania";
			sourceTree = "<group>";
		};
/* End PBXGroup section */

/* Begin PBXNativeTarget section */
		DDA040001C3D956400BF3BA2 /* Mad Lib Mania */ = {
			isa = PBXNativeTarget;
			buildConfigurationList = DDA040081C3D956400BF3BA2 /* Build configuration list for PBXNativeTarget "Mad Lib Mania" */;
			buildPhases = (
				DDA03FFD1C3D956400BF3BA2 /* Sources */,
				DDA03FFE1C3D956400BF3BA2 /* Frameworks */,
				DDA03FFF1C3D956400BF3BA2 /* CopyFiles */,
			);
			buildRules = (
			);
			dependencies = (
			);
			name = "Mad Lib Mania";
			productName = "Mad Lib Mania";
			productReference = DDA040011C3D956400BF3BA2 /* Mad Lib Mania */;
			productType = "com.apple.product-type.tool";
		};
/* End PBXNativeTarget section */

/* Begin PBXProject section */
		DDA03FF91C3D956400BF3BA2 /* Project object */ = {
			isa = PBXProject;
			attributes = {
				LastSwiftUpdateCheck = 0720;
				LastUpgradeCheck = 0720;
				ORGANIZATIONNAME = "Epic Gaming Prod.";
				TargetAttributes = {
					DDA040001C3D956400BF3BA2 = {
						CreatedOnToolsVersion = 7.2;
					};
				};
			};
			buildConfigurationList = DDA03FFC1C3D956400BF3BA2 /* Build configuration list for PBXProject "Mad Lib Mania" */;
			compatibilityVersion = "Xcode 3.2";
			developmentRegion = English;
			hasScannedForEncodings = 0;
			knownRegions = (
				en,
			);
			mainGroup = DDA03FF81C3D956400BF3BA2;
			productRefGroup = DDA040021C3D956400BF3BA2 /* Products */;
			projectDirPath = "";
			projectRoot = "";
			targets = (
				DDA040001C3D956400BF3BA2 /* Mad Lib Mania */,
			);
		};
/* End PBXProject section */

/* Begin PBXSourcesBuildPhase section */
		DDA03FFD1C3D956400BF3BA2 /* Sources */ = {
			isa = PBXSourcesBuildPhase;
			buildActionMask = 2147483647;
			files = (
				DDA040051C3D956400BF3BA2 /* main.swift in Sources */,
			);
			runOnlyForDeploymentPostprocessing = 0;
		};
/* End PBXSourcesBuildPhase section */

/* Begin XCBuildConfiguration section */
		DDA040061C3D956400BF3BA2 /* Debug */ = {
			isa = XCBuildConfiguration;
			buildSettings = {
				ALWAYS_SEARCH_USER_PATHS = NO;
				CLANG_CXX_LANGUAGE_STANDARD = "gnu++0x";
				CLANG_CXX_LIBRARY = "libc++";
				CLANG_ENABLE_MODULES = YES;
				CLANG_ENABLE_OBJC_ARC = YES;
				CLANG_WARN_BOOL_CONVERSION = YES;
				CLANG_WARN_CONSTANT_CONVERSION = YES;
				CLANG_WARN_DIRECT_OBJC_ISA_USAGE = YES_ERROR;
				CLANG_WARN_EMPTY_BODY = YES;
				CLANG_WARN_ENUM_CONVERSION = YES;
				CLANG_WARN_INT_CONVERSION = YES;
				CLANG_WARN_OBJC_ROOT_CLASS = YES_ERROR;
				CLANG_WARN_UNREACHABLE_CODE = YES;
				CLANG_WARN__DUPLICATE_METHOD_MATCH = YES;
				CODE_SIGN_IDENTITY = "-";
				COPY_PHASE_STRIP = NO;
				DEBUG_INFORMATION_FORMAT = dwarf;
				ENABLE_STRICT_OBJC_MSGSEND = YES;
				ENABLE_TESTABILITY = YES;
				GCC_C_LANGUAGE_STANDARD = gnu99;
				GCC_DYNAMIC_NO_PIC = NO;
				GCC_NO_COMMON_BLOCKS = YES;
				GCC_OPTIMIZATION_LEVEL = 0;
				GCC_PREPROCESSOR_DEFINITIONS = (
					"DEBUG=1",
					"$(inherited)",
				);
				GCC_WARN_64_TO_32_BIT_CONVERSION = YES;
				GCC_WARN_ABOUT_RETURN_TYPE = YES_ERROR;
				GCC_WARN_UNDECLARED_SELECTOR = YES;
				GCC_WARN_UNINITIALIZED_AUTOS = YES_AGGRESSIVE;
				GCC_WARN_UNUSED_FUNCTION = YES;
				GCC_WARN_UNUSED_VARIABLE = YES;
				MACOSX_DEPLOYMENT_TARGET = 10.11;
				MTL_ENABLE_DEBUG_INFO = YES;
				ONLY_ACTIVE_ARCH = YES;
				SDKROOT = macosx;
				SWIFT_OPTIMIZATION_LEVEL = "-Onone";
			};
			name = Debug;
		};
		DDA040071C3D956400BF3BA2 /* Release */ = {
			isa = XCBuildConfiguration;
			buildSettings = {
				ALWAYS_SEARCH_USER_PATHS = NO;
				CLANG_CXX_LANGUAGE_STANDARD = "gnu++0x";
				CLANG_CXX_LIBRARY = "libc++";
				CLANG_ENABLE_MODULES = YES;
				CLANG_ENABLE_OBJC_ARC = YES;
				CLANG_WARN_BOOL_CONVERSION = YES;
				CLANG_WARN_CONSTANT_CONVERSION = YES;
				CLANG_WARN_DIRECT_OBJC_ISA_USAGE = YES_ERROR;
				CLANG_WARN_EMPTY_BODY = YES;
				CLANG_WARN_ENUM_CONVERSION = YES;
				CLANG_WARN_INT_CONVERSION = YES;
				CLANG_WARN_OBJC_ROOT_CLASS = YES_ERROR;
				CLANG_WARN_UNREACHABLE_CODE = YES;
				CLANG_WARN__DUPLICATE_METHOD_MATCH = YES;
				CODE_SIGN_IDENTITY = "-";
				COPY_PHASE_STRIP = NO;
				DEBUG_INFORMATION_FORMAT = "dwarf-with-dsym";
				ENABLE_NS_ASSERTIONS = NO;
				ENABLE_STRICT_OBJC_MSGSEND = YES;
				GCC_C_LANGUAGE_STANDARD = gnu99;
				GCC_NO_COMMON_BLOCKS = YES;
				GCC_WARN_64_TO_32_BIT_CONVERSION = YES;
				GCC_WARN_ABOUT_RETURN_TYPE = YES_ERROR;
				GCC_WARN_UNDECLARED_SELECTOR = YES;
				GCC_WARN_UNINITIALIZED_AUTOS = YES_AGGRESSIVE;
				GCC_WARN_UNUSED_FUNCTION = YES;
				GCC_WARN_UNUSED_VARIABLE = YES;
				MACOSX_DEPLOYMENT_TARGET = 10.11;
				MTL_ENABLE_DEBUG_INFO = NO;
				SDKROOT = macosx;
			};
			name = Release;
		};
		DDA040091C3D956400BF3BA2 /* Debug */ = {
			isa = XCBuildConfiguration;
			buildSettings = {
				PRODUCT_NAME = "$(TARGET_NAME)";
			};
			name = Debug;
		};
		DDA0400A1C3D956400BF3BA2 /* Release */ = {
			isa = XCBuildConfiguration;
			buildSettings = {
				PRODUCT_NAME = "$(TARGET_NAME)";
			};
			name = Release;
		};
/* End XCBuildConfiguration section */

/* Begin XCConfigurationList section */
		DDA03FFC1C3D956400BF3BA2 /* Build configuration list for PBXProject "Mad Lib Mania" */ = {
			isa = XCConfigurationList;
			buildConfigurations = (
				DDA040061C3D956400BF3BA2 /* Debug */,
				DDA040071C3D956400BF3BA2 /* Release */,
			);
			defaultConfigurationIsVisible = 0;
			defaultConfigurationName = Release;
		};
		DDA040081C3D956400BF3BA2 /* Build configuration list for PBXNativeTarget "Mad Lib Mania" */ = {
			isa = XCConfigurationList;
			buildConfigurations = (
				DDA040091C3D956400BF3BA2 /* Debug */,
				DDA0400A1C3D956400BF3BA2 /* Release */,
			);
			defaultConfigurationIsVisible = 0;
		};
/* End XCConfigurationList section */
	};
	rootObject = DDA03FF91C3D956400BF3BA2 /* Project object */;
}
